# This file is automatically @generated by Cargo.
# It is not intended for manual editing.
version = 4

[[package]]
name = "analytics"
version = "0.1.0"

[[package]]
name = "garmin_core"
version = "0.1.0"

[[package]]
name = "garmin_parser"
version = "0.1.0"

[[package]]
name = "gui"
version = "0.1.0"

[[package]]
name = "storage"
version = "0.1.0"

[[package]]
name = "tui"
version = "0.1.0"
